
Microsoft Visual Studio Solution File, Format Version 12.00
# Visual Studio 14
VisualStudioVersion = 14.0.25420.1
MinimumVisualStudioVersion = 10.0.40219.1
Project("{FAE04EC0-301F-11D3-BF4B-00C04F79EFBC}") = "SocketChat", "ConsoleApplication1\SocketChat.csproj", "{88C6CD5A-4B0D-4D8F-A23F-676AC8046390}"
EndProject
Project("{FAE04EC0-301F-11D3-BF4B-00C04F79EFBC}") = "UnitTestProject2", "UnitTestProject2\UnitTestProject2.csproj", "{11B53132-E176-4357-B4B1-E3C84F739BEC}"
EndProject
Global
	GlobalSection(SolutionConfigurationPlatforms) = preSolution
		Debug|Any CPU = Debug|Any CPU
		Release|Any CPU = Release|Any CPU
	EndGlobalSection
	GlobalSection(ProjectConfigurationPlatforms) = postSolution
		{88C6CD5A-4B0D-4D8F-A23F-676AC8046390}.Debug|Any CPU.ActiveCfg = Debug|Any CPU
		{88C6CD5A-4B0D-4D8F-A23F-676AC8046390}.Debug|Any CPU.Build.0 = Debug|Any CPU
		{88C6CD5A-4B0D-4D8F-A23F-676AC8046390}.Release|Any CPU.ActiveCfg = Release|Any CPU
		{88C6CD5A-4B0D-4D8F-A23F-676AC8046390}.Release|Any CPU.Build.0 = Release|Any CPU
		{11B53132-E176-4357-B4B1-E3C84F739BEC}.Debug|Any CPU.ActiveCfg = Debug|Any CPU
		{11B53132-E176-4357-B4B1-E3C84F739BEC}.Debug|Any CPU.Build.0 = Debug|Any CPU
		{11B53132-E176-4357-B4B1-E3C84F739BEC}.Release|Any CPU.ActiveCfg = Release|Any CPU
		{11B53132-E176-4357-B4B1-E3C84F739BEC}.Release|Any CPU.Build.0 = Release|Any CPU
	EndGlobalSection
	GlobalSection(SolutionProperties) = preSolution
		HideSolutionNode = FALSE
	EndGlobalSection
EndGlobal
